
Microsoft Visual Studio Solution File, Format Version 12.00
# Visual Studio Version 17
VisualStudioVersion = 17.4.33205.214
MinimumVisualStudioVersion = 10.0.40219.1
Project("{FAE04EC0-301F-11D3-BF4B-00C04F79EFBC}") = "GitHub", "GitHub\GitHub.csproj", "{5A6E6BBE-A661-48F9-83D5-C8896A335FCA}"
EndProject
Project("{FAE04EC0-301F-11D3-BF4B-00C04F79EFBC}") = "GitHub.Domain", "GitHub.Domain\GitHub.Domain.csproj", "{779249C2-12F8-4F1B-AFCC-4B18E52B9F45}"
EndProject
Project("{FAE04EC0-301F-11D3-BF4B-00C04F79EFBC}") = "GitHub.Data", "GitHub.Data\GitHub.Data.csproj", "{158DAB6D-417C-4232-92DC-F1C881E10CA8}"
EndProject
Project("{FAE04EC0-301F-11D3-BF4B-00C04F79EFBC}") = "GitHub.Service", "GitHub.Service\GitHub.Service.csproj", "{56E12BAD-E30A-47C7-974E-0A82C8571D5B}"
EndProject
Global
	GlobalSection(SolutionConfigurationPlatforms) = preSolution
		Debug|Any CPU = Debug|Any CPU
		Release|Any CPU = Release|Any CPU
	EndGlobalSection
	GlobalSection(ProjectConfigurationPlatforms) = postSolution
		{5A6E6BBE-A661-48F9-83D5-C8896A335FCA}.Debug|Any CPU.ActiveCfg = Debug|Any CPU
		{5A6E6BBE-A661-48F9-83D5-C8896A335FCA}.Debug|Any CPU.Build.0 = Debug|Any CPU
		{5A6E6BBE-A661-48F9-83D5-C8896A335FCA}.Release|Any CPU.ActiveCfg = Release|Any CPU
		{5A6E6BBE-A661-48F9-83D5-C8896A335FCA}.Release|Any CPU.Build.0 = Release|Any CPU
		{779249C2-12F8-4F1B-AFCC-4B18E52B9F45}.Debug|Any CPU.ActiveCfg = Debug|Any CPU
		{779249C2-12F8-4F1B-AFCC-4B18E52B9F45}.Debug|Any CPU.Build.0 = Debug|Any CPU
		{779249C2-12F8-4F1B-AFCC-4B18E52B9F45}.Release|Any CPU.ActiveCfg = Release|Any CPU
		{779249C2-12F8-4F1B-AFCC-4B18E52B9F45}.Release|Any CPU.Build.0 = Release|Any CPU
		{158DAB6D-417C-4232-92DC-F1C881E10CA8}.Debug|Any CPU.ActiveCfg = Debug|Any CPU
		{158DAB6D-417C-4232-92DC-F1C881E10CA8}.Debug|Any CPU.Build.0 = Debug|Any CPU
		{158DAB6D-417C-4232-92DC-F1C881E10CA8}.Release|Any CPU.ActiveCfg = Release|Any CPU
		{158DAB6D-417C-4232-92DC-F1C881E10CA8}.Release|Any CPU.Build.0 = Release|Any CPU
		{56E12BAD-E30A-47C7-974E-0A82C8571D5B}.Debug|Any CPU.ActiveCfg = Debug|Any CPU
		{56E12BAD-E30A-47C7-974E-0A82C8571D5B}.Debug|Any CPU.Build.0 = Debug|Any CPU
		{56E12BAD-E30A-47C7-974E-0A82C8571D5B}.Release|Any CPU.ActiveCfg = Release|Any CPU
		{56E12BAD-E30A-47C7-974E-0A82C8571D5B}.Release|Any CPU.Build.0 = Release|Any CPU
	EndGlobalSection
	GlobalSection(SolutionProperties) = preSolution
		HideSolutionNode = FALSE
	EndGlobalSection
	GlobalSection(ExtensibilityGlobals) = postSolution
		SolutionGuid = {86E0BC2E-B1F0-4163-B198-D9C4D7CB96FE}
	EndGlobalSection
EndGlobal
